
Microsoft Visual Studio Solution File, Format Version 12.00
# Visual Studio 15
VisualStudioVersion = 15.0.28307.438
MinimumVisualStudioVersion = 10.0.40219.1
Project("{9A19103F-16F7-4668-BE54-9A1E7A4F7556}") = "ApiUsuarios", "ApiUsuarios.csproj", "{3F2A47FA-CE52-4FC5-B623-05E192119C99}"
EndProject
Global
	GlobalSection(SolutionConfigurationPlatforms) = preSolution
		Debug|Any CPU = Debug|Any CPU
		Release|Any CPU = Release|Any CPU
	EndGlobalSection
	GlobalSection(ProjectConfigurationPlatforms) = postSolution
		{3F2A47FA-CE52-4FC5-B623-05E192119C99}.Debug|Any CPU.ActiveCfg = Debug|Any CPU
		{3F2A47FA-CE52-4FC5-B623-05E192119C99}.Debug|Any CPU.Build.0 = Debug|Any CPU
		{3F2A47FA-CE52-4FC5-B623-05E192119C99}.Release|Any CPU.ActiveCfg = Release|Any CPU
		{3F2A47FA-CE52-4FC5-B623-05E192119C99}.Release|Any CPU.Build.0 = Release|Any CPU
	EndGlobalSection
	GlobalSection(SolutionProperties) = preSolution
		HideSolutionNode = FALSE
	EndGlobalSection
	GlobalSection(ExtensibilityGlobals) = postSolution
		SolutionGuid = {EDB288D5-500B-4F15-B92D-7AE67EADE1CB}
	EndGlobalSection
EndGlobal
